# This file is automatically @generated by Poetry 1.7.1 and should not be changed by hand.

[[package]]
name = "anyio"
version = "4.2.0"
description = "High level compatibility layer for multiple asynchronous event loop implementations"
optional = false
python-versions = ">=3.8"
files = [
    {file = "anyio-4.2.0-py3-none-any.whl", hash = "sha256:745843b39e829e108e518c489b31dc757de7d2131d53fac32bd8df268227bfee"},
    {file = "anyio-4.2.0.tar.gz", hash = "sha256:e1875bb4b4e2de1669f4bc7869b6d3f54231cdced71605e6e64c9be77e3be50f"},
]

[package.dependencies]
idna = ">=2.8"
sniffio = ">=1.1"

[package.extras]
doc = ["Sphinx (>=7)", "packaging", "sphinx-autodoc-typehints (>=1.2.0)", "sphinx-rtd-theme"]
test = ["anyio[trio]", "coverage[toml] (>=7)", "exceptiongroup (>=1.2.0)", "hypothesis (>=4.0)", "psutil (>=5.9)", "pytest (>=7.0)", "pytest-mock (>=3.6.1)", "trustme", "uvloop (>=0.17)"]
trio = ["trio (>=0.23)"]

[[package]]
name = "certifi"
version = "2023.11.17"
description = "Python package for providing Mozilla's CA Bundle."
optional = false
python-versions = ">=3.6"
files = [
    {file = "certifi-2023.11.17-py3-none-any.whl", hash = "sha256:e036ab49d5b79556f99cfc2d9320b34cfbe5be05c5871b51de9329f0603b0474"},
    {file = "certifi-2023.11.17.tar.gz", hash = "sha256:9b469f3a900bf28dc19b8cfbf8019bf47f7fdd1a65a1d4ffb98fc14166beb4d1"},
]

[[package]]
name = "colorama"
version = "0.4.6"
description = "Cross-platform colored terminal text."
optional = false
python-versions = "!=3.0.*,!=3.1.*,!=3.2.*,!=3.3.*,!=3.4.*,!=3.5.*,!=3.6.*,>=2.7"
files = [
    {file = "colorama-0.4.6-py2.py3-none-any.whl", hash = "sha256:4f1d9991f5acc0ca119f9d443620b77f9d6b33703e51011c16baf57afb285fc6"},
    {file = "colorama-0.4.6.tar.gz", hash = "sha256:08695f5cb7ed6e0531a20572697297273c47b8cae5a63ffc6d6ed5c201be6e44"},
]

[[package]]
name = "cssselect"
version = "1.2.0"
description = "cssselect parses CSS3 Selectors and translates them to XPath 1.0"
optional = false
python-versions = ">=3.7"
files = [
    {file = "cssselect-1.2.0-py2.py3-none-any.whl", hash = "sha256:da1885f0c10b60c03ed5eccbb6b68d6eff248d91976fcde348f395d54c9fd35e"},
    {file = "cssselect-1.2.0.tar.gz", hash = "sha256:666b19839cfaddb9ce9d36bfe4c969132c647b92fc9088c4e23f786b30f1b3dc"},
]

[[package]]
name = "fifacodes"
version = "0.1.2"
description = "FIFA member associations codes query and search."
optional = false
python-versions = ">=3.10"
files = [
    {file = "fifacodes-0.1.2-py3-none-any.whl", hash = "sha256:7550c59e2519177621f6cdc844886783467d4612261bae65abd7d7066f5b6afd"},
    {file = "fifacodes-0.1.2.tar.gz", hash = "sha256:8ee01f135a56a7f98ba7aaab8ca62e63f1fe9d1dfff46eb129787008683428db"},
]

[package.dependencies]
rapidfuzz = ">=3.6.1,<4.0.0"

[[package]]
name = "fusion-stat"
version = "0.0.7"
description = "Scrape football data from multiple sources simultaneously."
optional = false
python-versions = ">=3.10"
files = [
    {file = "fusion_stat-0.0.7-py3-none-any.whl", hash = "sha256:c76666f07a62832eaddc1d1b4c0813a4d6be3882b75826dc42492730275b6d30"},
    {file = "fusion_stat-0.0.7.tar.gz", hash = "sha256:664dbc162ad9c2b9ae235f62e12f4c053145cd9a7b6e9d4cf2d6264f82ac8369"},
]

[package.dependencies]
fifacodes = ">=0.1.2,<0.2.0"
httpx = ">=0.26.0,<0.27.0"
parsel = ">=1.8.1,<2.0.0"
rapidfuzz = ">=3.6.1,<4.0.0"

[[package]]
name = "h11"
version = "0.14.0"
description = "A pure-Python, bring-your-own-I/O implementation of HTTP/1.1"
optional = false
python-versions = ">=3.7"
files = [
    {file = "h11-0.14.0-py3-none-any.whl", hash = "sha256:e3fe4ac4b851c468cc8363d500db52c2ead036020723024a109d37346efaa761"},
    {file = "h11-0.14.0.tar.gz", hash = "sha256:8f19fbbe99e72420ff35c00b27a34cb9937e902a8b810e2c88300c6f0a3b699d"},
]

[[package]]
name = "httpcore"
version = "1.0.2"
description = "A minimal low-level HTTP client."
optional = false
python-versions = ">=3.8"
files = [
    {file = "httpcore-1.0.2-py3-none-any.whl", hash = "sha256:096cc05bca73b8e459a1fc3dcf585148f63e534eae4339559c9b8a8d6399acc7"},
    {file = "httpcore-1.0.2.tar.gz", hash = "sha256:9fc092e4799b26174648e54b74ed5f683132a464e95643b226e00c2ed2fa6535"},
]

[package.dependencies]
certifi = "*"
h11 = ">=0.13,<0.15"

[package.extras]
asyncio = ["anyio (>=4.0,<5.0)"]
http2 = ["h2 (>=3,<5)"]
socks = ["socksio (==1.*)"]
trio = ["trio (>=0.22.0,<0.23.0)"]

[[package]]
name = "httpx"
version = "0.26.0"
description = "The next generation HTTP client."
optional = false
python-versions = ">=3.8"
files = [
    {file = "httpx-0.26.0-py3-none-any.whl", hash = "sha256:8915f5a3627c4d47b73e8202457cb28f1266982d1159bd5779d86a80c0eab1cd"},
    {file = "httpx-0.26.0.tar.gz", hash = "sha256:451b55c30d5185ea6b23c2c793abf9bb237d2a7dfb901ced6ff69ad37ec1dfaf"},
]

[package.dependencies]
anyio = "*"
certifi = "*"
httpcore = "==1.*"
idna = "*"
sniffio = "*"

[package.extras]
brotli = ["brotli", "brotlicffi"]
cli = ["click (==8.*)", "pygments (==2.*)", "rich (>=10,<14)"]
http2 = ["h2 (>=3,<5)"]
socks = ["socksio (==1.*)"]

[[package]]
name = "idna"
version = "3.6"
description = "Internationalized Domain Names in Applications (IDNA)"
optional = false
python-versions = ">=3.5"
files = [
    {file = "idna-3.6-py3-none-any.whl", hash = "sha256:c05567e9c24a6b9faaa835c4821bad0590fbb9d5779e7caa6e1cc4978e7eb24f"},
    {file = "idna-3.6.tar.gz", hash = "sha256:9ecdbbd083b06798ae1e86adcbfe8ab1479cf864e4ee30fe4e46a003d12491ca"},
]

[[package]]
name = "jmespath"
version = "1.0.1"
description = "JSON Matching Expressions"
optional = false
python-versions = ">=3.7"
files = [
    {file = "jmespath-1.0.1-py3-none-any.whl", hash = "sha256:02e2e4cc71b5bcab88332eebf907519190dd9e6e82107fa7f83b1003a6252980"},
    {file = "jmespath-1.0.1.tar.gz", hash = "sha256:90261b206d6defd58fdd5e85f478bf633a2901798906be2ad389150c5c60edbe"},
]

[[package]]
name = "lxml"
version = "5.0.1"
description = "Powerful and Pythonic XML processing library combining libxml2/libxslt with the ElementTree API."
optional = false
python-versions = ">=2.7, !=3.0.*, !=3.1.*, !=3.2.*, !=3.3.*, != 3.4.*"
files = [
    {file = "lxml-5.0.1-cp27-cp27m-manylinux_2_5_i686.manylinux1_i686.whl", hash = "sha256:1d78e91cbffe733ff325e0d258bb64702c8d91f8f652db088bd2989c6a8f90cc"},
    {file = "lxml-5.0.1-cp27-cp27m-manylinux_2_5_x86_64.manylinux1_x86_64.whl", hash = "sha256:19251f782ea51a4841e747158195312ef63e06b47889e159dc5f1b2e5d668465"},
    {file = "lxml-5.0.1-cp27-cp27mu-manylinux_2_5_i686.manylinux1_i686.whl", hash = "sha256:b6bb5a0a87ab1e01f086cbb418be9e409719cd216954aa38b1cceee36a561ce1"},
    {file = "lxml-5.0.1-cp27-cp27mu-manylinux_2_5_x86_64.manylinux1_x86_64.whl", hash = "sha256:4b49a1569ed6d05808f4d163a316e7bf4a230e0c36855b59f56020ae27ae586a"},
    {file = "lxml-5.0.1-cp310-cp310-macosx_11_0_x86_64.whl", hash = "sha256:dbff288e1869db78f8731ca257553dd699edef07e173b35e71b1122b630d6008"},
    {file = "lxml-5.0.1-cp310-cp310-manylinux_2_12_i686.manylinux2010_i686.manylinux_2_24_i686.whl", hash = "sha256:0f70e5de6b3e24ababeca597f776e5f37973f05d28a4d9f467aa5b45745af762"},
    {file = "lxml-5.0.1-cp310-cp310-manylinux_2_17_aarch64.manylinux2014_aarch64.manylinux_2_24_aarch64.whl", hash = "sha256:32a135d4ef8f966bc087d450d641df73fc6874f04cf6608111541b50090e6f13"},
    {file = "lxml-5.0.1-cp310-cp310-manylinux_2_17_x86_64.manylinux2014_x86_64.manylinux_2_24_x86_64.whl", hash = "sha256:b4eef43c5dc5c579d0804e55a32dd1bacbd008c8191ed4d65be278bbb11ddc61"},
    {file = "lxml-5.0.1-cp310-cp310-manylinux_2_28_x86_64.whl", hash = "sha256:7febf50135363e981097eeada84781eeae92bfc3c203495f63d6b542a7132ba7"},
    {file = "lxml-5.0.1-cp310-cp310-musllinux_1_1_aarch64.whl", hash = "sha256:0a79eca2ef5e032c8ed9da07f84a07a29105f220b777613dfe7fc31445691ee3"},
    {file = "lxml-5.0.1-cp310-cp310-musllinux_1_1_x86_64.whl", hash = "sha256:8de180f748a17382dd695b3999be03a647d09af16ae589c4e9c37138ddb6d4c6"},
    {file = "lxml-5.0.1-cp310-cp310-win32.whl", hash = "sha256:6af86081c888ce81ca7e361ed7fa2ba1678e2a86eb5a059c96d5a719364d319e"},
    {file = "lxml-5.0.1-cp310-cp310-win_amd64.whl", hash = "sha256:0dc36ec06514fe8848c4733d47f96a0636f82d9ca3eaa2132373426bc03f178f"},
    {file = "lxml-5.0.1-cp311-cp311-macosx_11_0_universal2.whl", hash = "sha256:f56e6a38c64a79e228d48344bb3bec265ac035fc1277ce8c049445bb18e4cd41"},
    {file = "lxml-5.0.1-cp311-cp311-manylinux_2_12_i686.manylinux2010_i686.manylinux_2_24_i686.whl", hash = "sha256:4d58af4ebd711dad40f1c024a779950d9918d04d74f49230edf5d271dcd33c28"},
    {file = "lxml-5.0.1-cp311-cp311-manylinux_2_17_aarch64.manylinux2014_aarch64.manylinux_2_24_aarch64.whl", hash = "sha256:00bfccab28f710bb13f7f644c980ad50ce3e5b6a412b5bb9a6c30136b298fb2c"},
    {file = "lxml-5.0.1-cp311-cp311-manylinux_2_17_x86_64.manylinux2014_x86_64.manylinux_2_24_x86_64.whl", hash = "sha256:45e747b4e82390ffd802528b9e7b39333c1ce71423057bf5961b30ec0d52f76f"},
    {file = "lxml-5.0.1-cp311-cp311-manylinux_2_28_aarch64.whl", hash = "sha256:03c977ffc9a4bf17b3e0f8db0451dc38e9f4ec92cfdb5df462d38fbe6e6e0825"},
    {file = "lxml-5.0.1-cp311-cp311-manylinux_2_28_x86_64.whl", hash = "sha256:d0047c90e0ebd0d8f3c1e6636e10f597b8f25e4ef9e6416dd2e5c4c0960270cc"},
    {file = "lxml-5.0.1-cp311-cp311-musllinux_1_1_aarch64.whl", hash = "sha256:ff29353c12f0abc9cb3395899b7192a970d5a63f80ac1e7f0c3247ed83f5dcd4"},
    {file = "lxml-5.0.1-cp311-cp311-musllinux_1_1_x86_64.whl", hash = "sha256:2ec9fa65e0638551a5ad31cb9fa160b321f19632e5ec517fe68d7b4110133e69"},
    {file = "lxml-5.0.1-cp311-cp311-win32.whl", hash = "sha256:9a4eff4d8ad0bbc9f470a9be19c5e718af4baf47111d7c2d9b036b9986107e7c"},
    {file = "lxml-5.0.1-cp311-cp311-win_amd64.whl", hash = "sha256:3714f339449d2738b4fadd078a6022704a2af3cab06bec9627b19eaa4205090d"},
    {file = "lxml-5.0.1-cp312-cp312-macosx_11_0_universal2.whl", hash = "sha256:473f2d0511dd84697326ee9362b0c0c2e9f99a433dcb1fbb5aa8df3d1b2185db"},
    {file = "lxml-5.0.1-cp312-cp312-manylinux_2_28_aarch64.whl", hash = "sha256:62a3c0fdf70f785cd29824666d1dcea88c207f0b73ddbc28fb7a6a1a5bbb1af7"},
    {file = "lxml-5.0.1-cp312-cp312-manylinux_2_28_x86_64.whl", hash = "sha256:83ff41e1bc0666f31acda52407d869ea257f232c2d9394806647a0e7454de73e"},
    {file = "lxml-5.0.1-cp312-cp312-musllinux_1_1_aarch64.whl", hash = "sha256:42069ce16dab9755b381b90defd846ca407b9ead05dc20732fd5502b5cc49b87"},
    {file = "lxml-5.0.1-cp312-cp312-musllinux_1_1_x86_64.whl", hash = "sha256:737a4dba9f7ee842c6597f719dda2eabeeaefe42443f7f24de20c262f88527cd"},
    {file = "lxml-5.0.1-cp312-cp312-win32.whl", hash = "sha256:67ddff0272905a0b78a2c3ea01487e0551cc38094cd5994f73af370f355ecb47"},
    {file = "lxml-5.0.1-cp312-cp312-win_amd64.whl", hash = "sha256:a28eab2d9ea79b830be50e3350d827ae8abf5b23e278e14929824d5ab2069008"},
    {file = "lxml-5.0.1-cp35-cp35m-manylinux_2_5_i686.manylinux1_i686.whl", hash = "sha256:3013823b0069cb4bd9b558e87076a18142703c6d2ac3a5d5521dd35734d23a72"},
    {file = "lxml-5.0.1-cp35-cp35m-manylinux_2_5_x86_64.manylinux1_x86_64.whl", hash = "sha256:b005101a257c494e84d36ecb62b02ba195b02b7f8892f57b1f5aaa352ed44467"},
    {file = "lxml-5.0.1-cp36-cp36m-macosx_11_0_x86_64.whl", hash = "sha256:f9464ff2fd1f2ba4d0d246a560d369ee7e7213c556a30db9ae9426850ce1baf9"},
    {file = "lxml-5.0.1-cp36-cp36m-manylinux_2_12_i686.manylinux2010_i686.manylinux_2_24_i686.whl", hash = "sha256:9e8a4782ecaaacf8e9355f39179b1f00e7f27b774306eccbe80f6215724be4cd"},
    {file = "lxml-5.0.1-cp36-cp36m-manylinux_2_17_aarch64.manylinux2014_aarch64.whl", hash = "sha256:dcb25128c9e7f01c00ad116d2c762c3942724981a35c6e5c551ab55d4c2bfcfe"},
    {file = "lxml-5.0.1-cp36-cp36m-manylinux_2_17_x86_64.manylinux2014_x86_64.manylinux_2_24_x86_64.whl", hash = "sha256:39a3cf581e9040e66aaa719b2f338b2b7eb43ce1db059089c82ae72e0fd48b47"},
    {file = "lxml-5.0.1-cp36-cp36m-manylinux_2_28_x86_64.whl", hash = "sha256:6cdd0fb749c80ffcf408f659b209e82333f10b517786083a3dd3c3b5adc60111"},
    {file = "lxml-5.0.1-cp36-cp36m-manylinux_2_5_i686.manylinux1_i686.whl", hash = "sha256:cfdac95815d3025e4c9edce2ef2ebe4e034edc35a2c44a606dd846554387ae38"},
    {file = "lxml-5.0.1-cp36-cp36m-manylinux_2_5_x86_64.manylinux1_x86_64.whl", hash = "sha256:c21e60c017cab3a7e7786185cc8853b8614b01ccd69cc8b24608e5356784631b"},
    {file = "lxml-5.0.1-cp36-cp36m-musllinux_1_1_aarch64.whl", hash = "sha256:5892cff0a6817743fe470b7402677310ffc8514a74de14d4e591cecdc457ff61"},
    {file = "lxml-5.0.1-cp36-cp36m-musllinux_1_1_x86_64.whl", hash = "sha256:57f5c362cbd9d688fb1fa07c8955cec26d5c066fbcb4163aa341ff751eba7587"},
    {file = "lxml-5.0.1-cp36-cp36m-win32.whl", hash = "sha256:8a70c47c14f89b8bfb430f85b608aa460204fe7c005545d79afd31b925cc6669"},
    {file = "lxml-5.0.1-cp36-cp36m-win_amd64.whl", hash = "sha256:8ba56c3686fa60cc04191d22d1733aad484c9cbc153cdc3e8eb9bdfcad30f704"},
    {file = "lxml-5.0.1-cp37-cp37m-manylinux_2_12_i686.manylinux2010_i686.manylinux_2_24_i686.whl", hash = "sha256:c4eaa83b610595ef9f20aa69b96053d5b7f3f70c67c7a3af8f433136a9d315ab"},
    {file = "lxml-5.0.1-cp37-cp37m-manylinux_2_17_aarch64.manylinux2014_aarch64.manylinux_2_24_aarch64.whl", hash = "sha256:ae3a0ec0f1b6cf1e8bca41bc86cd64ba02e31c71716efbf149a0f7ebc168cf0b"},
    {file = "lxml-5.0.1-cp37-cp37m-manylinux_2_17_x86_64.manylinux2014_x86_64.manylinux_2_24_x86_64.whl", hash = "sha256:c5b23f63fcec652bf1e775eca5e03a713a4994d2a7ce2e70a91e964a26220e0d"},
    {file = "lxml-5.0.1-cp37-cp37m-manylinux_2_28_x86_64.whl", hash = "sha256:d05cf827f160340f67c25ce6f271689a844605aa123849f1a80e21c9bd21f00b"},
    {file = "lxml-5.0.1-cp37-cp37m-manylinux_2_5_i686.manylinux1_i686.whl", hash = "sha256:bcded868b05583d41ab0b024f39f90a04e486a2349a9b493d8d17024f1433aa6"},
    {file = "lxml-5.0.1-cp37-cp37m-manylinux_2_5_x86_64.manylinux1_x86_64.whl", hash = "sha256:821fb791565536617b058c2cd5b8d28a1285b3375eecc5bd6b5c6d87add0d3dd"},
    {file = "lxml-5.0.1-cp37-cp37m-musllinux_1_1_aarch64.whl", hash = "sha256:1546fa25a6dde5698271e19787062446f433c98ca7eab35545f665dde2c1bd34"},
    {file = "lxml-5.0.1-cp37-cp37m-musllinux_1_1_x86_64.whl", hash = "sha256:31362b900b8fd2a026b9d24695ebe5449ea8f0c948af2445d7880b738d9fc368"},
    {file = "lxml-5.0.1-cp37-cp37m-win32.whl", hash = "sha256:0963de4fe463caff48e6ce4d83d19a3c099126874185d10cf490c29057ca518d"},
    {file = "lxml-5.0.1-cp37-cp37m-win_amd64.whl", hash = "sha256:b7bb0010c2969c23bf3d2b3892e638a7cb83e7daeb749e3db5f3c002fd191e11"},
    {file = "lxml-5.0.1-cp38-cp38-manylinux_2_12_i686.manylinux2010_i686.manylinux_2_24_i686.whl", hash = "sha256:e2bd8faf6a9682ca385e4bca1a38a057be716dc303f16ddec9e4c9cf01b7d722"},
    {file = "lxml-5.0.1-cp38-cp38-manylinux_2_17_aarch64.manylinux2014_aarch64.manylinux_2_24_aarch64.whl", hash = "sha256:0fb55d77e685def5218701d5d296fca62f595752c88402404da685864b06b67e"},
    {file = "lxml-5.0.1-cp38-cp38-manylinux_2_17_x86_64.manylinux2014_x86_64.manylinux_2_24_x86_64.whl", hash = "sha256:73e71b95c5215310a92e560369ac1f0e2cd018d5a36be182da88958f3d6084f5"},
    {file = "lxml-5.0.1-cp38-cp38-manylinux_2_28_x86_64.whl", hash = "sha256:0ecc0f1e1d901b66f2f68edff85b8ff421fa9683d02eaea6742a42c145d741b6"},
    {file = "lxml-5.0.1-cp38-cp38-manylinux_2_5_i686.manylinux1_i686.whl", hash = "sha256:f36c3103a6f2641777b64f1da860f37cbaa718ce3feea621583627269e68eb03"},
    {file = "lxml-5.0.1-cp38-cp38-manylinux_2_5_x86_64.manylinux1_x86_64.whl", hash = "sha256:dcc7dc4b9b65f185aa8533abc78f0a3b2ac38fe075bb23d3c1590ba0990f6c80"},
    {file = "lxml-5.0.1-cp38-cp38-musllinux_1_1_aarch64.whl", hash = "sha256:1215c8e57a25ad68488abb83a36734f6c6b3f0ccd880f0c68da98682d463ef09"},
    {file = "lxml-5.0.1-cp38-cp38-musllinux_1_1_x86_64.whl", hash = "sha256:070469a23f2ef3a9e72165af7e0b12eca9a6e47c3a8ec1cad60d14fb2f2c3aa8"},
    {file = "lxml-5.0.1-cp38-cp38-win32.whl", hash = "sha256:b889c0b9be774466308c3590e093ce9a6f9115c78fc8624aa6ba8dfeaf5188ab"},
    {file = "lxml-5.0.1-cp38-cp38-win_amd64.whl", hash = "sha256:0499310df9afc0ce634ce14cacbb333d62f561038ea4db640494e4a22ac4f2e9"},
    {file = "lxml-5.0.1-cp39-cp39-macosx_11_0_x86_64.whl", hash = "sha256:18b456f1bfb338be94a916166ac5507e73b9eb9f6e1f0fbd1c8caff2f3fa5535"},
    {file = "lxml-5.0.1-cp39-cp39-manylinux_2_12_i686.manylinux2010_i686.manylinux_2_24_i686.whl", hash = "sha256:60974986aa80a8bb883da5663f90bc632bd4ce0d0508e66a9132412facec65f6"},
    {file = "lxml-5.0.1-cp39-cp39-manylinux_2_17_aarch64.manylinux2014_aarch64.manylinux_2_24_aarch64.whl", hash = "sha256:d6d3ce5638cd4ed3fa684507f164e7039e1b07475bc8f37ba6e12271c1a2e9e0"},
    {file = "lxml-5.0.1-cp39-cp39-manylinux_2_17_x86_64.manylinux2014_x86_64.manylinux_2_24_x86_64.whl", hash = "sha256:e97c74725e86d84a477df081eef69b70f048128afee841dbd8c690a9e3d2e8e0"},
    {file = "lxml-5.0.1-cp39-cp39-manylinux_2_28_x86_64.whl", hash = "sha256:387c5416b8bb4b8ad7306797cb2719a841f5f3836b3c39fcaa56b9af5448dd2a"},
    {file = "lxml-5.0.1-cp39-cp39-manylinux_2_5_i686.manylinux1_i686.whl", hash = "sha256:feb1102d9e5de08120d46a1011110c43b2547ecb3ae80030801e0e2dacd1ee18"},
    {file = "lxml-5.0.1-cp39-cp39-manylinux_2_5_x86_64.manylinux1_x86_64.whl", hash = "sha256:745383c124f096cc03fb942c8a05ea1e8cb4f44c5b28887adce6224e4540808e"},
    {file = "lxml-5.0.1-cp39-cp39-musllinux_1_1_aarch64.whl", hash = "sha256:4ae66b6b0f82e7839b6b8d009182c652d48e7d2ea21a6709f3033ce5fbf199c4"},
    {file = "lxml-5.0.1-cp39-cp39-musllinux_1_1_x86_64.whl", hash = "sha256:430780608d16b3bb96ef99a67a1a0626c8a295193af53ce9c4d5ec3fef2fbc79"},
    {file = "lxml-5.0.1-cp39-cp39-win32.whl", hash = "sha256:331237209fe76951450c1119af0879f04f32d1b07b21e83a34ba439520492feb"},
    {file = "lxml-5.0.1-cp39-cp39-win_amd64.whl", hash = "sha256:c32a4fbae218b336d547bc626897325202e4e9f1794ac5f4d0bb3caacf41df21"},
    {file = "lxml-5.0.1-pp310-pypy310_pp73-macosx_11_0_x86_64.whl", hash = "sha256:96c2abcbcb24f850f00f279c4660ce6498cae16ff1659845838d752c26890748"},
    {file = "lxml-5.0.1-pp310-pypy310_pp73-manylinux_2_28_x86_64.whl", hash = "sha256:99b5ca5775435aa296d32ea711e194aaae871b21dbf0d57cb7d4431e5d3ad699"},
    {file = "lxml-5.0.1-pp310-pypy310_pp73-win_amd64.whl", hash = "sha256:9a99dae826c80cf0a21dd21eb66db16310d1f58ac4c27c804da980212fbcabe2"},
    {file = "lxml-5.0.1-pp38-pypy38_pp73-macosx_11_0_x86_64.whl", hash = "sha256:4df6be79be4d7574e9e4002aeb6aa03d3f3809582db07abb166df7fc6e7438af"},
    {file = "lxml-5.0.1-pp38-pypy38_pp73-manylinux_2_12_i686.manylinux2010_i686.manylinux_2_24_i686.whl", hash = "sha256:49dc4dcf14a08f160bb3f5f571f63514d918b8933a25c221536571a5fc010271"},
    {file = "lxml-5.0.1-pp38-pypy38_pp73-manylinux_2_17_x86_64.manylinux2014_x86_64.manylinux_2_24_x86_64.whl", hash = "sha256:47f46a2ebade07f3afa47695882e7725440c49bf77cba39c3762a42597e5aad3"},
    {file = "lxml-5.0.1-pp38-pypy38_pp73-manylinux_2_28_x86_64.whl", hash = "sha256:18caa0d3925902949cb060fe5f2da70c953d60bd9ef78657bd389f6db30533cc"},
    {file = "lxml-5.0.1-pp38-pypy38_pp73-win_amd64.whl", hash = "sha256:8991837fdf8086486f1c300d936bacd757e2e5398be84cd54a1fba0e6b6d5591"},
    {file = "lxml-5.0.1-pp39-pypy39_pp73-macosx_11_0_x86_64.whl", hash = "sha256:d64e543b07964ff73b4eb994bee894803a80e19fd3b29a5ffbe3c637fe43e788"},
    {file = "lxml-5.0.1-pp39-pypy39_pp73-manylinux_2_12_i686.manylinux2010_i686.manylinux_2_24_i686.whl", hash = "sha256:d80d9f4d986bb6ad65bae86f07391152f7b6c65cfc63d118616b18b0be2e79da"},
    {file = "lxml-5.0.1-pp39-pypy39_pp73-manylinux_2_17_x86_64.manylinux2014_x86_64.manylinux_2_24_x86_64.whl", hash = "sha256:ea5e4b3eff9029a02fe7736540675ab8fca44277232f0027397b0d7111d04b1c"},
    {file = "lxml-5.0.1-pp39-pypy39_pp73-manylinux_2_28_x86_64.whl", hash = "sha256:e2388a792f9c239510d62a9e615662b8202e4ca275aafcc9c4af154654462a14"},
    {file = "lxml-5.0.1-pp39-pypy39_pp73-win_amd64.whl", hash = "sha256:3ffc56d68b9782919d69ae9a6fac99efd7547f2666ccb7ecfd12871564d16133"},
    {file = "lxml-5.0.1.tar.gz", hash = "sha256:4432a1d89a9b340bc6bd1201aef3ba03112f151d3f340d9218247dc0c85028ab"},
]

[package.extras]
cssselect = ["cssselect (>=0.7)"]
html5 = ["html5lib"]
htmlsoup = ["BeautifulSoup4"]
source = ["Cython (>=3.0.7)"]

[[package]]
name = "packaging"
version = "23.2"
description = "Core utilities for Python packages"
optional = false
python-versions = ">=3.7"
files = [
    {file = "packaging-23.2-py3-none-any.whl", hash = "sha256:8c491190033a9af7e1d931d0b5dacc2ef47509b34dd0de67ed209b5203fc88c7"},
    {file = "packaging-23.2.tar.gz", hash = "sha256:048fb0e9405036518eaaf48a55953c750c11e1a1b68e0dd1a9d62ed0c092cfc5"},
]

[[package]]
name = "parsel"
version = "1.8.1"
description = "Parsel is a library to extract data from HTML and XML using XPath and CSS selectors"
optional = false
python-versions = ">=3.7"
files = [
    {file = "parsel-1.8.1-py2.py3-none-any.whl", hash = "sha256:2708fc74daeeb4ce471e2c2e9089b650ec940c7a218053e57421e69b5b00f82c"},
    {file = "parsel-1.8.1.tar.gz", hash = "sha256:aff28e68c9b3f1a901db2a4e3f158d8480a38724d7328ee751c1a4e1c1801e39"},
]

[package.dependencies]
cssselect = ">=0.9"
jmespath = "*"
lxml = "*"
packaging = "*"
w3lib = ">=1.19.0"

[[package]]
name = "python-dotenv"
version = "1.0.0"
description = "Read key-value pairs from a .env file and set them as environment variables"
optional = false
python-versions = ">=3.8"
files = [
    {file = "python-dotenv-1.0.0.tar.gz", hash = "sha256:a8df96034aae6d2d50a4ebe8216326c61c3eb64836776504fcca410e5937a3ba"},
    {file = "python_dotenv-1.0.0-py3-none-any.whl", hash = "sha256:f5971a9226b701070a4bf2c38c89e5a3f0d64de8debda981d1db98583009122a"},
]

[package.extras]
cli = ["click (>=5.0)"]

[[package]]
name = "rapidfuzz"
version = "3.6.1"
description = "rapid fuzzy string matching"
optional = false
python-versions = ">=3.8"
files = [
    {file = "rapidfuzz-3.6.1-cp310-cp310-macosx_10_9_universal2.whl", hash = "sha256:ac434fc71edda30d45db4a92ba5e7a42c7405e1a54cb4ec01d03cc668c6dcd40"},
    {file = "rapidfuzz-3.6.1-cp310-cp310-macosx_10_9_x86_64.whl", hash = "sha256:2a791168e119cfddf4b5a40470620c872812042f0621e6a293983a2d52372db0"},
    {file = "rapidfuzz-3.6.1-cp310-cp310-macosx_11_0_arm64.whl", hash = "sha256:5a2f3e9df346145c2be94e4d9eeffb82fab0cbfee85bd4a06810e834fe7c03fa"},
    {file = "rapidfuzz-3.6.1-cp310-cp310-manylinux_2_17_aarch64.manylinux2014_aarch64.whl", hash = "sha256:23de71e7f05518b0bbeef55d67b5dbce3bcd3e2c81e7e533051a2e9401354eb0"},
    {file = "rapidfuzz-3.6.1-cp310-cp310-manylinux_2_17_i686.manylinux2014_i686.whl", hash = "sha256:d056e342989248d2bdd67f1955bb7c3b0ecfa239d8f67a8dfe6477b30872c607"},
    {file = "rapidfuzz-3.6.1-cp310-cp310-manylinux_2_17_ppc64le.manylinux2014_ppc64le.whl", hash = "sha256:01835d02acd5d95c1071e1da1bb27fe213c84a013b899aba96380ca9962364bc"},
    {file = "rapidfuzz-3.6.1-cp310-cp310-manylinux_2_17_s390x.manylinux2014_s390x.whl", hash = "sha256:ed0f712e0bb5fea327e92aec8a937afd07ba8de4c529735d82e4c4124c10d5a0"},
    {file = "rapidfuzz-3.6.1-cp310-cp310-manylinux_2_17_x86_64.manylinux2014_x86_64.whl", hash = "sha256:96cd19934f76a1264e8ecfed9d9f5291fde04ecb667faef5f33bdbfd95fe2d1f"},
    {file = "rapidfuzz-3.6.1-cp310-cp310-musllinux_1_1_aarch64.whl", hash = "sha256:e06c4242a1354cf9d48ee01f6f4e6e19c511d50bb1e8d7d20bcadbb83a2aea90"},
    {file = "rapidfuzz-3.6.1-cp310-cp310-musllinux_1_1_i686.whl", hash = "sha256:d73dcfe789d37c6c8b108bf1e203e027714a239e50ad55572ced3c004424ed3b"},
    {file = "rapidfuzz-3.6.1-cp310-cp310-musllinux_1_1_ppc64le.whl", hash = "sha256:06e98ff000e2619e7cfe552d086815671ed09b6899408c2c1b5103658261f6f3"},
    {file = "rapidfuzz-3.6.1-cp310-cp310-musllinux_1_1_s390x.whl", hash = "sha256:08b6fb47dd889c69fbc0b915d782aaed43e025df6979b6b7f92084ba55edd526"},
    {file = "rapidfuzz-3.6.1-cp310-cp310-musllinux_1_1_x86_64.whl", hash = "sha256:a1788ebb5f5b655a15777e654ea433d198f593230277e74d51a2a1e29a986283"},
    {file = "rapidfuzz-3.6.1-cp310-cp310-win32.whl", hash = "sha256:c65f92881753aa1098c77818e2b04a95048f30edbe9c3094dc3707d67df4598b"},
    {file = "rapidfuzz-3.6.1-cp310-cp310-win_amd64.whl", hash = "sha256:4243a9c35667a349788461aae6471efde8d8800175b7db5148a6ab929628047f"},
    {file = "rapidfuzz-3.6.1-cp310-cp310-win_arm64.whl", hash = "sha256:f59d19078cc332dbdf3b7b210852ba1f5db8c0a2cd8cc4c0ed84cc00c76e6802"},
    {file = "rapidfuzz-3.6.1-cp311-cp311-macosx_10_9_universal2.whl", hash = "sha256:fbc07e2e4ac696497c5f66ec35c21ddab3fc7a406640bffed64c26ab2f7ce6d6"},
    {file = "rapidfuzz-3.6.1-cp311-cp311-macosx_10_9_x86_64.whl", hash = "sha256:40cced1a8852652813f30fb5d4b8f9b237112a0bbaeebb0f4cc3611502556764"},
    {file = "rapidfuzz-3.6.1-cp311-cp311-macosx_11_0_arm64.whl", hash = "sha256:82300e5f8945d601c2daaaac139d5524d7c1fdf719aa799a9439927739917460"},
    {file = "rapidfuzz-3.6.1-cp311-cp311-manylinux_2_17_aarch64.manylinux2014_aarch64.whl", hash = "sha256:edf97c321fd641fea2793abce0e48fa4f91f3c202092672f8b5b4e781960b891"},
    {file = "rapidfuzz-3.6.1-cp311-cp311-manylinux_2_17_i686.manylinux2014_i686.whl", hash = "sha256:7420e801b00dee4a344ae2ee10e837d603461eb180e41d063699fb7efe08faf0"},
    {file = "rapidfuzz-3.6.1-cp311-cp311-manylinux_2_17_ppc64le.manylinux2014_ppc64le.whl", hash = "sha256:060bd7277dc794279fa95522af355034a29c90b42adcb7aa1da358fc839cdb11"},
    {file = "rapidfuzz-3.6.1-cp311-cp311-manylinux_2_17_s390x.manylinux2014_s390x.whl", hash = "sha256:b7e3375e4f2bfec77f907680328e4cd16cc64e137c84b1886d547ab340ba6928"},
    {file = "rapidfuzz-3.6.1-cp311-cp311-manylinux_2_17_x86_64.manylinux2014_x86_64.whl", hash = "sha256:a490cd645ef9d8524090551016f05f052e416c8adb2d8b85d35c9baa9d0428ab"},
    {file = "rapidfuzz-3.6.1-cp311-cp311-musllinux_1_1_aarch64.whl", hash = "sha256:2e03038bfa66d2d7cffa05d81c2f18fd6acbb25e7e3c068d52bb7469e07ff382"},
    {file = "rapidfuzz-3.6.1-cp311-cp311-musllinux_1_1_i686.whl", hash = "sha256:2b19795b26b979c845dba407fe79d66975d520947b74a8ab6cee1d22686f7967"},
    {file = "rapidfuzz-3.6.1-cp311-cp311-musllinux_1_1_ppc64le.whl", hash = "sha256:064c1d66c40b3a0f488db1f319a6e75616b2e5fe5430a59f93a9a5e40a656d15"},
    {file = "rapidfuzz-3.6.1-cp311-cp311-musllinux_1_1_s390x.whl", hash = "sha256:3c772d04fb0ebeece3109d91f6122b1503023086a9591a0b63d6ee7326bd73d9"},
    {file = "rapidfuzz-3.6.1-cp311-cp311-musllinux_1_1_x86_64.whl", hash = "sha256:841eafba6913c4dfd53045835545ba01a41e9644e60920c65b89c8f7e60c00a9"},
    {file = "rapidfuzz-3.6.1-cp311-cp311-win32.whl", hash = "sha256:266dd630f12696ea7119f31d8b8e4959ef45ee2cbedae54417d71ae6f47b9848"},
    {file = "rapidfuzz-3.6.1-cp311-cp311-win_amd64.whl", hash = "sha256:d79aec8aeee02ab55d0ddb33cea3ecd7b69813a48e423c966a26d7aab025cdfe"},
    {file = "rapidfuzz-3.6.1-cp311-cp311-win_arm64.whl", hash = "sha256:484759b5dbc5559e76fefaa9170147d1254468f555fd9649aea3bad46162a88b"},
    {file = "rapidfuzz-3.6.1-cp312-cp312-macosx_10_9_universal2.whl", hash = "sha256:b2ef4c0fd3256e357b70591ffb9e8ed1d439fb1f481ba03016e751a55261d7c1"},
    {file = "rapidfuzz-3.6.1-cp312-cp312-macosx_10_9_x86_64.whl", hash = "sha256:588c4b20fa2fae79d60a4e438cf7133d6773915df3cc0a7f1351da19eb90f720"},
    {file = "rapidfuzz-3.6.1-cp312-cp312-macosx_11_0_arm64.whl", hash = "sha256:7142ee354e9c06e29a2636b9bbcb592bb00600a88f02aa5e70e4f230347b373e"},
    {file = "rapidfuzz-3.6.1-cp312-cp312-manylinux_2_17_aarch64.manylinux2014_aarch64.whl", hash = "sha256:1dfc557c0454ad22382373ec1b7df530b4bbd974335efe97a04caec936f2956a"},
    {file = "rapidfuzz-3.6.1-cp312-cp312-manylinux_2_17_i686.manylinux2014_i686.whl", hash = "sha256:03f73b381bdeccb331a12c3c60f1e41943931461cdb52987f2ecf46bfc22f50d"},
    {file = "rapidfuzz-3.6.1-cp312-cp312-manylinux_2_17_ppc64le.manylinux2014_ppc64le.whl", hash = "sha256:6b0ccc2ec1781c7e5370d96aef0573dd1f97335343e4982bdb3a44c133e27786"},
    {file = "rapidfuzz-3.6.1-cp312-cp312-manylinux_2_17_s390x.manylinux2014_s390x.whl", hash = "sha256:da3e8c9f7e64bb17faefda085ff6862ecb3ad8b79b0f618a6cf4452028aa2222"},
    {file = "rapidfuzz-3.6.1-cp312-cp312-manylinux_2_17_x86_64.manylinux2014_x86_64.whl", hash = "sha256:fde9b14302a31af7bdafbf5cfbb100201ba21519be2b9dedcf4f1048e4fbe65d"},
    {file = "rapidfuzz-3.6.1-cp312-cp312-musllinux_1_1_aarch64.whl", hash = "sha256:c1a23eee225dfb21c07f25c9fcf23eb055d0056b48e740fe241cbb4b22284379"},
    {file = "rapidfuzz-3.6.1-cp312-cp312-musllinux_1_1_i686.whl", hash = "sha256:e49b9575d16c56c696bc7b06a06bf0c3d4ef01e89137b3ddd4e2ce709af9fe06"},
    {file = "rapidfuzz-3.6.1-cp312-cp312-musllinux_1_1_ppc64le.whl", hash = "sha256:0a9fc714b8c290261669f22808913aad49553b686115ad0ee999d1cb3df0cd66"},
    {file = "rapidfuzz-3.6.1-cp312-cp312-musllinux_1_1_s390x.whl", hash = "sha256:a3ee4f8f076aa92184e80308fc1a079ac356b99c39408fa422bbd00145be9854"},
    {file = "rapidfuzz-3.6.1-cp312-cp312-musllinux_1_1_x86_64.whl", hash = "sha256:f056ba42fd2f32e06b2c2ba2443594873cfccc0c90c8b6327904fc2ddf6d5799"},
    {file = "rapidfuzz-3.6.1-cp312-cp312-win32.whl", hash = "sha256:5d82b9651e3d34b23e4e8e201ecd3477c2baa17b638979deeabbb585bcb8ba74"},
    {file = "rapidfuzz-3.6.1-cp312-cp312-win_amd64.whl", hash = "sha256:dad55a514868dae4543ca48c4e1fc0fac704ead038dafedf8f1fc0cc263746c1"},
    {file = "rapidfuzz-3.6.1-cp312-cp312-win_arm64.whl", hash = "sha256:3c84294f4470fcabd7830795d754d808133329e0a81d62fcc2e65886164be83b"},
    {file = "rapidfuzz-3.6.1-cp38-cp38-macosx_10_9_universal2.whl", hash = "sha256:e19d519386e9db4a5335a4b29f25b8183a1c3f78cecb4c9c3112e7f86470e37f"},
    {file = "rapidfuzz-3.6.1-cp38-cp38-macosx_10_9_x86_64.whl", hash = "sha256:01eb03cd880a294d1bf1a583fdd00b87169b9cc9c9f52587411506658c864d73"},
    {file = "rapidfuzz-3.6.1-cp38-cp38-macosx_11_0_arm64.whl", hash = "sha256:be368573255f8fbb0125a78330a1a40c65e9ba3c5ad129a426ff4289099bfb41"},
    {file = "rapidfuzz-3.6.1-cp38-cp38-manylinux_2_17_aarch64.manylinux2014_aarch64.whl", hash = "sha256:b3e5af946f419c30f5cb98b69d40997fe8580efe78fc83c2f0f25b60d0e56efb"},
    {file = "rapidfuzz-3.6.1-cp38-cp38-manylinux_2_17_i686.manylinux2014_i686.whl", hash = "sha256:f382f7ffe384ce34345e1c0b2065451267d3453cadde78946fbd99a59f0cc23c"},
    {file = "rapidfuzz-3.6.1-cp38-cp38-manylinux_2_17_ppc64le.manylinux2014_ppc64le.whl", hash = "sha256:be156f51f3a4f369e758505ed4ae64ea88900dcb2f89d5aabb5752676d3f3d7e"},
    {file = "rapidfuzz-3.6.1-cp38-cp38-manylinux_2_17_s390x.manylinux2014_s390x.whl", hash = "sha256:1936d134b6c513fbe934aeb668b0fee1ffd4729a3c9d8d373f3e404fbb0ce8a0"},
    {file = "rapidfuzz-3.6.1-cp38-cp38-manylinux_2_17_x86_64.manylinux2014_x86_64.whl", hash = "sha256:12ff8eaf4a9399eb2bebd838f16e2d1ded0955230283b07376d68947bbc2d33d"},
    {file = "rapidfuzz-3.6.1-cp38-cp38-musllinux_1_1_aarch64.whl", hash = "sha256:ae598a172e3a95df3383634589660d6b170cc1336fe7578115c584a99e0ba64d"},
    {file = "rapidfuzz-3.6.1-cp38-cp38-musllinux_1_1_i686.whl", hash = "sha256:cd4ba4c18b149da11e7f1b3584813159f189dc20833709de5f3df8b1342a9759"},
    {file = "rapidfuzz-3.6.1-cp38-cp38-musllinux_1_1_ppc64le.whl", hash = "sha256:0402f1629e91a4b2e4aee68043a30191e5e1b7cd2aa8dacf50b1a1bcf6b7d3ab"},
    {file = "rapidfuzz-3.6.1-cp38-cp38-musllinux_1_1_s390x.whl", hash = "sha256:1e12319c6b304cd4c32d5db00b7a1e36bdc66179c44c5707f6faa5a889a317c0"},
    {file = "rapidfuzz-3.6.1-cp38-cp38-musllinux_1_1_x86_64.whl", hash = "sha256:0bbfae35ce4de4c574b386c43c78a0be176eeddfdae148cb2136f4605bebab89"},
    {file = "rapidfuzz-3.6.1-cp38-cp38-win32.whl", hash = "sha256:7fec74c234d3097612ea80f2a80c60720eec34947066d33d34dc07a3092e8105"},
    {file = "rapidfuzz-3.6.1-cp38-cp38-win_amd64.whl", hash = "sha256:a553cc1a80d97459d587529cc43a4c7c5ecf835f572b671107692fe9eddf3e24"},
    {file = "rapidfuzz-3.6.1-cp39-cp39-macosx_10_9_universal2.whl", hash = "sha256:757dfd7392ec6346bd004f8826afb3bf01d18a723c97cbe9958c733ab1a51791"},
    {file = "rapidfuzz-3.6.1-cp39-cp39-macosx_10_9_x86_64.whl", hash = "sha256:2963f4a3f763870a16ee076796be31a4a0958fbae133dbc43fc55c3968564cf5"},
    {file = "rapidfuzz-3.6.1-cp39-cp39-macosx_11_0_arm64.whl", hash = "sha256:d2f0274595cc5b2b929c80d4e71b35041104b577e118cf789b3fe0a77b37a4c5"},
    {file = "rapidfuzz-3.6.1-cp39-cp39-manylinux_2_17_aarch64.manylinux2014_aarch64.whl", hash = "sha256:42f211e366e026de110a4246801d43a907cd1a10948082f47e8a4e6da76fef52"},
    {file = "rapidfuzz-3.6.1-cp39-cp39-manylinux_2_17_i686.manylinux2014_i686.whl", hash = "sha256:a59472b43879012b90989603aa5a6937a869a72723b1bf2ff1a0d1edee2cc8e6"},
    {file = "rapidfuzz-3.6.1-cp39-cp39-manylinux_2_17_ppc64le.manylinux2014_ppc64le.whl", hash = "sha256:a03863714fa6936f90caa7b4b50ea59ea32bb498cc91f74dc25485b3f8fccfe9"},
    {file = "rapidfuzz-3.6.1-cp39-cp39-manylinux_2_17_s390x.manylinux2014_s390x.whl", hash = "sha256:5dd95b6b7bfb1584f806db89e1e0c8dbb9d25a30a4683880c195cc7f197eaf0c"},
    {file = "rapidfuzz-3.6.1-cp39-cp39-manylinux_2_17_x86_64.manylinux2014_x86_64.whl", hash = "sha256:7183157edf0c982c0b8592686535c8b3e107f13904b36d85219c77be5cefd0d8"},
    {file = "rapidfuzz-3.6.1-cp39-cp39-musllinux_1_1_aarch64.whl", hash = "sha256:ad9d74ef7c619b5b0577e909582a1928d93e07d271af18ba43e428dc3512c2a1"},
    {file = "rapidfuzz-3.6.1-cp39-cp39-musllinux_1_1_i686.whl", hash = "sha256:b53137d81e770c82189e07a8f32722d9e4260f13a0aec9914029206ead38cac3"},
    {file = "rapidfuzz-3.6.1-cp39-cp39-musllinux_1_1_ppc64le.whl", hash = "sha256:49b9ed2472394d306d5dc967a7de48b0aab599016aa4477127b20c2ed982dbf9"},
    {file = "rapidfuzz-3.6.1-cp39-cp39-musllinux_1_1_s390x.whl", hash = "sha256:dec307b57ec2d5054d77d03ee4f654afcd2c18aee00c48014cb70bfed79597d6"},
    {file = "rapidfuzz-3.6.1-cp39-cp39-musllinux_1_1_x86_64.whl", hash = "sha256:4381023fa1ff32fd5076f5d8321249a9aa62128eb3f21d7ee6a55373e672b261"},
    {file = "rapidfuzz-3.6.1-cp39-cp39-win32.whl", hash = "sha256:8d7a072f10ee57c8413c8ab9593086d42aaff6ee65df4aa6663eecdb7c398dca"},
    {file = "rapidfuzz-3.6.1-cp39-cp39-win_amd64.whl", hash = "sha256:ebcfb5bfd0a733514352cfc94224faad8791e576a80ffe2fd40b2177bf0e7198"},
    {file = "rapidfuzz-3.6.1-cp39-cp39-win_arm64.whl", hash = "sha256:1c47d592e447738744905c18dda47ed155620204714e6df20eb1941bb1ba315e"},
    {file = "rapidfuzz-3.6.1-pp38-pypy38_pp73-macosx_10_9_x86_64.whl", hash = "sha256:eef8b346ab331bec12bbc83ac75641249e6167fab3d84d8f5ca37fd8e6c7a08c"},
    {file = "rapidfuzz-3.6.1-pp38-pypy38_pp73-manylinux_2_17_aarch64.manylinux2014_aarch64.whl", hash = "sha256:53251e256017e2b87f7000aee0353ba42392c442ae0bafd0f6b948593d3f68c6"},
    {file = "rapidfuzz-3.6.1-pp38-pypy38_pp73-manylinux_2_17_i686.manylinux2014_i686.whl", hash = "sha256:6dede83a6b903e3ebcd7e8137e7ff46907ce9316e9d7e7f917d7e7cdc570ee05"},
    {file = "rapidfuzz-3.6.1-pp38-pypy38_pp73-manylinux_2_17_x86_64.manylinux2014_x86_64.whl", hash = "sha256:8e4da90e4c2b444d0a171d7444ea10152e07e95972bb40b834a13bdd6de1110c"},
    {file = "rapidfuzz-3.6.1-pp38-pypy38_pp73-win_amd64.whl", hash = "sha256:ca3dfcf74f2b6962f411c33dd95b0adf3901266e770da6281bc96bb5a8b20de9"},
    {file = "rapidfuzz-3.6.1-pp39-pypy39_pp73-macosx_10_9_x86_64.whl", hash = "sha256:bcc957c0a8bde8007f1a8a413a632a1a409890f31f73fe764ef4eac55f59ca87"},
    {file = "rapidfuzz-3.6.1-pp39-pypy39_pp73-manylinux_2_17_aarch64.manylinux2014_aarch64.whl", hash = "sha256:692c9a50bea7a8537442834f9bc6b7d29d8729a5b6379df17c31b6ab4df948c2"},
    {file = "rapidfuzz-3.6.1-pp39-pypy39_pp73-manylinux_2_17_i686.manylinux2014_i686.whl", hash = "sha256:76c23ceaea27e790ddd35ef88b84cf9d721806ca366199a76fd47cfc0457a81b"},
    {file = "rapidfuzz-3.6.1-pp39-pypy39_pp73-manylinux_2_17_x86_64.manylinux2014_x86_64.whl", hash = "sha256:2b155e67fff215c09f130555002e42f7517d0ea72cbd58050abb83cb7c880cec"},
    {file = "rapidfuzz-3.6.1-pp39-pypy39_pp73-win_amd64.whl", hash = "sha256:3028ee8ecc48250607fa8a0adce37b56275ec3b1acaccd84aee1f68487c8557b"},
    {file = "rapidfuzz-3.6.1.tar.gz", hash = "sha256:35660bee3ce1204872574fa041c7ad7ec5175b3053a4cb6e181463fc07013de7"},
]

[package.extras]
full = ["numpy"]

[[package]]
name = "sniffio"
version = "1.3.0"
description = "Sniff out which async library your code is running under"
optional = false
python-versions = ">=3.7"
files = [
    {file = "sniffio-1.3.0-py3-none-any.whl", hash = "sha256:eecefdce1e5bbfb7ad2eeaabf7c1eeb404d7757c379bd1f7e5cce9d8bf425384"},
    {file = "sniffio-1.3.0.tar.gz", hash = "sha256:e60305c5e5d314f5389259b7f22aaa33d8f7dee49763119234af3755c55b9101"},
]

[[package]]
name = "tqdm"
version = "4.66.1"
description = "Fast, Extensible Progress Meter"
optional = false
python-versions = ">=3.7"
files = [
    {file = "tqdm-4.66.1-py3-none-any.whl", hash = "sha256:d302b3c5b53d47bce91fea46679d9c3c6508cf6332229aa1e7d8653723793386"},
    {file = "tqdm-4.66.1.tar.gz", hash = "sha256:d88e651f9db8d8551a62556d3cff9e3034274ca5d66e93197cf2490e2dcb69c7"},
]

[package.dependencies]
colorama = {version = "*", markers = "platform_system == \"Windows\""}

[package.extras]
dev = ["pytest (>=6)", "pytest-cov", "pytest-timeout", "pytest-xdist"]
notebook = ["ipywidgets (>=6)"]
slack = ["slack-sdk"]
telegram = ["requests"]

[[package]]
name = "w3lib"
version = "2.1.2"
description = "Library of web-related functions"
optional = false
python-versions = ">=3.7"
files = [
    {file = "w3lib-2.1.2-py3-none-any.whl", hash = "sha256:c4432926e739caa8e3f49f5de783f336df563d9490416aebd5d39fb896d264e7"},
    {file = "w3lib-2.1.2.tar.gz", hash = "sha256:ed5b74e997eea2abe3c1321f916e344144ee8e9072a6f33463ee8e57f858a4b1"},
]

[metadata]
lock-version = "2.0"
python-versions = "^3.12"
content-hash = "bf45f1a1dd5eb9caafa93f3b4694386854b1600ca7b7729fa7f69ad2e6f7d9c1"
